<?xml version="1.0" encoding="utf-8"?>
<Project ToolsVersion="4.0" xmlns="http://schemas.microsoft.com/developer/msbuild/2003">
  <ItemGroup>
    <Filter Include="Source Files">
      <UniqueIdentifier>{4FC737F1-C7A5-4376-A066-2A32D752A2FF}</UniqueIdentifier>
      <Extensions>cpp;c;cc;cxx;def;odl;idl;hpj;bat;asm;asmx</Extensions>
    </Filter>
    <Filter Include="Header Files">
      <UniqueIdentifier>{93995380-89BD-4b04-88EB-625FBE52EBFB}</UniqueIdentifier>
      <Extensions>h;hh;hpp;hxx;hm;inl;inc;xsd</Extensions>
    </Filter>
    <Filter Include="Resource Files">
      <UniqueIdentifier>{67DA6AB6-F800-4c08-8B7A-83BB121AAD01}</UniqueIdentifier>
      <Extensions>rc;ico;cur;bmp;dlg;rc2;rct;bin;rgs;gif;jpg;jpeg;jpe;resx;tiff;tif;png;wav</Extensions>
    </Filter>
  </ItemGroup>
  <ItemGroup>
    <ClCompile Include="TGAImage.cpp">
      <Filter>Source Files</Filter>
    </ClCompile>
    <ClCompile Include="RTCWGame\Game.cpp">
      <Filter>Source Files</Filter>
    </ClCompile>
    <ClCompile Include="Library\BSPMap.cpp">
      <Filter>Source Files</Filter>
    </ClCompile>
    <ClCompile Include="Library\D3DShader.cpp">
      <Filter>Source Files</Filter>
    </ClCompile>
    <ClCompile Include="Library\Graphics\Buffer.cpp">
      <Filter>Source Files</Filter>
    </ClCompile>
    <ClCompile Include="Library\Graphics\Camera.cpp">
      <Filter>Source Files</Filter>
    </ClCompile>
    <ClCompile Include="Library\Graphics\D3D11GraphicsAPI.cpp">
      <Filter>Source Files</Filter>
    </ClCompile>
    <ClCompile Include="Library\Graphics\D3D11Renderer.cpp">
      <Filter>Source Files</Filter>
    </ClCompile>
    <ClCompile Include="Library\Graphics\D3DBuffer.cpp">
      <Filter>Source Files</Filter>
    </ClCompile>
    <ClCompile Include="Library\Graphics\Entity.cpp">
      <Filter>Source Files</Filter>
    </ClCompile>
    <ClCompile Include="Library\Graphics\jpgd.cpp">
      <Filter>Source Files</Filter>
    </ClCompile>
    <ClCompile Include="Library\Graphics\Primitives.cpp">
      <Filter>Source Files</Filter>
    </ClCompile>
    <ClCompile Include="Library\Graphics\Shader.cpp">
      <Filter>Source Files</Filter>
    </ClCompile>
    <ClCompile Include="Library\Graphics\Texture.cpp">
      <Filter>Source Files</Filter>
    </ClCompile>
    <ClCompile Include="Library\Light.cpp">
      <Filter>Source Files</Filter>
    </ClCompile>
    <ClCompile Include="Library\Math\SHMath\DirectXSH.cpp">
      <Filter>Source Files</Filter>
    </ClCompile>
    <ClCompile Include="Library\Math\SHMath\DirectXSHD3D11.cpp">
      <Filter>Source Files</Filter>
    </ClCompile>
    <ClCompile Include="Library\Math\SHMath\DirectXSHD3D12.cpp">
      <Filter>Source Files</Filter>
    </ClCompile>
    <ClCompile Include="Library\Math\Stereo3D\Stereo3DMatrixHelper.cpp">
      <Filter>Source Files</Filter>
    </ClCompile>
    <ClCompile Include="Library\Mesh.cpp">
      <Filter>Source Files</Filter>
    </ClCompile>
    <ClCompile Include="Library\pch.cpp">
      <Filter>Source Files</Filter>
    </ClCompile>
    <ClCompile Include="Library\Player.cpp">
      <Filter>Source Files</Filter>
    </ClCompile>
    <ClCompile Include="Library\Renderer.cpp">
      <Filter>Source Files</Filter>
    </ClCompile>
    <ClCompile Include="Library\Scene.cpp">
      <Filter>Source Files</Filter>
    </ClCompile>
    <ClCompile Include="Library\Utils.cpp">
      <Filter>Source Files</Filter>
    </ClCompile>
  </ItemGroup>
  <ItemGroup>
    <ClInclude Include="targetver.h">
      <Filter>Header Files</Filter>
    </ClInclude>
    <ClInclude Include="TGAImage.h">
      <Filter>Header Files</Filter>
    </ClInclude>
    <ClInclude Include="Resource.h">
      <Filter>Resource Files</Filter>
    </ClInclude>
    <ClInclude Include="RTCWGame\framework.h">
      <Filter>Header Files</Filter>
    </ClInclude>
    <ClInclude Include="RTCWGame\Game.h">
      <Filter>Header Files</Filter>
    </ClInclude>
    <ClInclude Include="RTCWGame\Resource.h">
      <Filter>Header Files</Filter>
    </ClInclude>
    <ClInclude Include="RTCWGame\targetver.h">
      <Filter>Header Files</Filter>
    </ClInclude>
    <ClInclude Include="Library\BSPMap.h">
      <Filter>Header Files</Filter>
    </ClInclude>
    <ClInclude Include="Library\D3DShader.h">
      <Filter>Header Files</Filter>
    </ClInclude>
    <ClInclude Include="Library\Graphics\Buffer.h">
      <Filter>Header Files</Filter>
    </ClInclude>
    <ClInclude Include="Library\Graphics\Camera.h">
      <Filter>Header Files</Filter>
    </ClInclude>
    <ClInclude Include="Library\Graphics\CommonHeaders.h">
      <Filter>Header Files</Filter>
    </ClInclude>
    <ClInclude Include="Library\Graphics\Components.h">
      <Filter>Header Files</Filter>
    </ClInclude>
    <ClInclude Include="Library\Graphics\D3D11GraphicsAPI.h">
      <Filter>Header Files</Filter>
    </ClInclude>
    <ClInclude Include="Library\Graphics\D3DBuffer.h">
      <Filter>Header Files</Filter>
    </ClInclude>
    <ClInclude Include="Library\Graphics\D3DTexture.h">
      <Filter>Header Files</Filter>
    </ClInclude>
    <ClInclude Include="Library\Graphics\Defines.h">
      <Filter>Header Files</Filter>
    </ClInclude>
    <ClInclude Include="Library\Graphics\Entity.h">
      <Filter>Header Files</Filter>
    </ClInclude>
    <ClInclude Include="Library\Graphics\GraphicsAPI.h">
      <Filter>Header Files</Filter>
    </ClInclude>
    <ClInclude Include="Library\Graphics\jpgd.h">
      <Filter>Header Files</Filter>
    </ClInclude>
    <ClInclude Include="Library\Graphics\OBJ_Loader.h">
      <Filter>Header Files</Filter>
    </ClInclude>
    <ClInclude Include="Library\Graphics\Primitives.h">
      <Filter>Header Files</Filter>
    </ClInclude>
    <ClInclude Include="Library\Graphics\Shader.h">
      <Filter>Header Files</Filter>
    </ClInclude>
    <ClInclude Include="Library\Graphics\Texture.h">
      <Filter>Header Files</Filter>
    </ClInclude>
    <ClInclude Include="Library\Light.h">
      <Filter>Header Files</Filter>
    </ClInclude>
    <ClInclude Include="Library\Math\Extensions\DirectXMathAVX.h">
      <Filter>Header Files</Filter>
    </ClInclude>
    <ClInclude Include="Library\Math\Extensions\DirectXMathAVX2.h">
      <Filter>Header Files</Filter>
    </ClInclude>
    <ClInclude Include="Library\Math\Extensions\DirectXMathBE.h">
      <Filter>Header Files</Filter>
    </ClInclude>
    <ClInclude Include="Library\Math\Extensions\DirectXMathF16C.h">
      <Filter>Header Files</Filter>
    </ClInclude>
    <ClInclude Include="Library\Math\Extensions\DirectXMathFMA3.h">
      <Filter>Header Files</Filter>
    </ClInclude>
    <ClInclude Include="Library\Math\Extensions\DirectXMathFMA4.h">
      <Filter>Header Files</Filter>
    </ClInclude>
    <ClInclude Include="Library\Math\Extensions\DirectXMathSSE3.h">
      <Filter>Header Files</Filter>
    </ClInclude>
    <ClInclude Include="Library\Math\Extensions\DirectXMathSSE4.h">
      <Filter>Header Files</Filter>
    </ClInclude>
    <ClInclude Include="Library\Math\Inc\DirectXCollision.h">
      <Filter>Header Files</Filter>
    </ClInclude>
    <ClInclude Include="Library\Math\Inc\DirectXColors.h">
      <Filter>Header Files</Filter>
    </ClInclude>
    <ClInclude Include="Library\Math\Inc\DirectXMath.h">
      <Filter>Header Files</Filter>
    </ClInclude>
    <ClInclude Include="Library\Math\Inc\DirectXPackedVector.h">
      <Filter>Header Files</Filter>
    </ClInclude>
    <ClInclude Include="Library\Math\MatrixStack\DirectXMatrixStack.h">
      <Filter>Header Files</Filter>
    </ClInclude>
    <ClInclude Include="Library\Math\SHMath\DirectXSH.h">
      <Filter>Header Files</Filter>
    </ClInclude>
    <ClInclude Include="Library\Math\Stereo3D\Stereo3DMatrixHelper.h">
      <Filter>Header Files</Filter>
    </ClInclude>
    <ClInclude Include="Library\Math\XDSP\XDSP.h">
      <Filter>Header Files</Filter>
    </ClInclude>
    <ClInclude Include="Library\Mesh.h">
      <Filter>Header Files</Filter>
    </ClInclude>
    <ClInclude Include="Library\pch.h">
      <Filter>Header Files</Filter>
    </ClInclude>
    <ClInclude Include="Library\Player.h">
      <Filter>Header Files</Filter>
    </ClInclude>
    <ClInclude Include="Library\Q3BSPStructs.h">
      <Filter>Header Files</Filter>
    </ClInclude>
    <ClInclude Include="Library\Renderer.h">
      <Filter>Header Files</Filter>
    </ClInclude>
    <ClInclude Include="Library\Scene.h">
      <Filter>Header Files</Filter>
    </ClInclude>
    <ClInclude Include="Library\Utils.h">
      <Filter>Header Files</Filter>
    </ClInclude>
  </ItemGroup>
  <ItemGroup>
    <ResourceCompile Include="RTCWGame\RacingGame.rc">
      <Filter>Resource Files</Filter>
    </ResourceCompile>
  </ItemGroup>
  <ItemGroup>
    <None Include="ClassDiagram.cd" />
    <None Include="Library\Math\Inc\DirectXCollision.inl">
      <Filter>Header Files</Filter>
    </None>
    <None Include="Library\Math\Inc\DirectXMathConvert.inl">
      <Filter>Header Files</Filter>
    </None>
    <None Include="Library\Math\Inc\DirectXMathMatrix.inl">
      <Filter>Header Files</Filter>
    </None>
    <None Include="Library\Math\Inc\DirectXMathMisc.inl">
      <Filter>Header Files</Filter>
    </None>
    <None Include="Library\Math\Inc\DirectXMathVector.inl">
      <Filter>Header Files</Filter>
    </None>
    <None Include="Library\Math\Inc\DirectXPackedVector.inl">
      <Filter>Header Files</Filter>
    </None>
  </ItemGroup>
</Project>